{
  "name": "yelb-ecs",
  "version": "0.1.0",
  "lockfileVersion": 3,
  "requires": true,
  "packages": {
    "": {
      "name": "yelb-ecs",
      "version": "0.1.0",
      "dependencies": {
        "aws-cdk-lib": "^2.0.0",
        "constructs": "^10.0.0"
      },
      "bin": {
        "yelb-ecs": "bin/yelb-ecs.js"
      },
      "devDependencies": {
        "aws-cdk-lib": "^2.0.0",
        "constructs": "^10.0.0",
        "typescript": "~3.9.0"
      }
    },
    "node_modules/@aws-cdk/asset-awscli-v1": {
      "version": "2.2.84",
      "resolved": "https://registry.npmjs.org/@aws-cdk/asset-awscli-v1/-/asset-awscli-v1-2.2.84.tgz",
      "integrity": "sha512-rpYl0eEswNq9N/U0/2gmHgU7gKgxgF0UgP/k+ySuIWw1ghO9B4aXEmBbIrjmz6jF2BVbeL5tL08AfUxpdX2vLw==",
      "dev": true
    },
    "node_modules/@aws-cdk/asset-kubectl-v20": {
      "version": "2.1.1",
      "resolved": "https://registry.npmjs.org/@aws-cdk/asset-kubectl-v20/-/asset-kubectl-v20-2.1.1.tgz",
      "integrity": "sha512-U1ntiX8XiMRRRH5J1IdC+1t5CE89015cwyt5U63Cpk0GnMlN5+h9WsWMlKlPXZR4rdq/m806JRlBMRpBUB2Dhw==",
      "dev": true
    },
    "node_modules/@aws-cdk/asset-node-proxy-agent-v5": {
      "version": "2.0.70",
      "resolved": "https://registry.npmjs.org/@aws-cdk/asset-node-proxy-agent-v5/-/asset-node-proxy-agent-v5-2.0.70.tgz",
      "integrity": "sha512-MRiW3unEC4Mnip5vgPPwUqUccphBj68aif/tI0wGjS4yKXo+uJtat9WMAWxGIsaLi+EdGTD2t1YPdTkUmPnBTw==",
      "dev": true
    },
    "node_modules/aws-cdk-lib": {
      "version": "2.66.1",
      "resolved": "https://registry.npmjs.org/aws-cdk-lib/-/aws-cdk-lib-2.66.1.tgz",
      "integrity": "sha512-xMnKXOnsoJLoDyl6L3BUYLPa9bqw8UoBlFGGH4gbzpBPViv9b49xvYuW+BLf7bK7IVgTzYQ+VmZKaFsj+VFouA==",
      "bundleDependencies": [
        "@balena/dockerignore",
        "case",
        "fs-extra",
        "ignore",
        "jsonschema",
        "minimatch",
        "punycode",
        "semver",
        "yaml"
      ],
      "dev": true,
      "dependencies": {
        "@aws-cdk/asset-awscli-v1": "^2.2.69",
        "@aws-cdk/asset-kubectl-v20": "^2.1.1",
        "@aws-cdk/asset-node-proxy-agent-v5": "^2.0.58",
        "@balena/dockerignore": "^1.0.2",
        "case": "1.6.3",
        "fs-extra": "^9.1.0",
        "ignore": "^5.2.4",
        "jsonschema": "^1.4.1",
        "minimatch": "^3.1.2",
        "punycode": "^2.3.0",
        "semver": "^7.3.8",
        "yaml": "1.10.2"
      },
      "engines": {
        "node": ">= 14.15.0"
      },
      "peerDependencies": {
        "constructs": "^10.0.0"
      }
    },
    "node_modules/aws-cdk-lib/node_modules/@balena/dockerignore": {
      "version": "1.0.2",
      "dev": true,
      "inBundle": true,
      "license": "Apache-2.0"
    },
    "node_modules/aws-cdk-lib/node_modules/at-least-node": {
      "version": "1.0.0",
      "dev": true,
      "inBundle": true,
      "license": "ISC",
      "engines": {
        "node": ">= 4.0.0"
      }
    },
    "node_modules/aws-cdk-lib/node_modules/balanced-match": {
      "version": "1.0.2",
      "dev": true,
      "inBundle": true,
      "license": "MIT"
    },
    "node_modules/aws-cdk-lib/node_modules/brace-expansion": {
      "version": "1.1.11",
      "dev": true,
      "inBundle": true,
      "license": "MIT",
      "dependencies": {
        "balanced-match": "^1.0.0",
        "concat-map": "0.0.1"
      }
    },
    "node_modules/aws-cdk-lib/node_modules/case": {
      "version": "1.6.3",
      "dev": true,
      "inBundle": true,
      "license": "(MIT OR GPL-3.0-or-later)",
      "engines": {
        "node": ">= 0.8.0"
      }
    },
    "node_modules/aws-cdk-lib/node_modules/concat-map": {
      "version": "0.0.1",
      "dev": true,
      "inBundle": true,
      "license": "MIT"
    },
    "node_modules/aws-cdk-lib/node_modules/fs-extra": {
      "version": "9.1.0",
      "dev": true,
      "inBundle": true,
      "license": "MIT",
      "dependencies": {
        "at-least-node": "^1.0.0",
        "graceful-fs": "^4.2.0",
        "jsonfile": "^6.0.1",
        "universalify": "^2.0.0"
      },
      "engines": {
        "node": ">=10"
      }
    },
    "node_modules/aws-cdk-lib/node_modules/graceful-fs": {
      "version": "4.2.10",
      "dev": true,
      "inBundle": true,
      "license": "ISC"
    },
    "node_modules/aws-cdk-lib/node_modules/ignore": {
      "version": "5.2.4",
      "dev": true,
      "inBundle": true,
      "license": "MIT",
      "engines": {
        "node": ">= 4"
      }
    },
    "node_modules/aws-cdk-lib/node_modules/jsonfile": {
      "version": "6.1.0",
      "dev": true,
      "inBundle": true,
      "license": "MIT",
      "dependencies": {
        "universalify": "^2.0.0"
      },
      "optionalDependencies": {
        "graceful-fs": "^4.1.6"
      }
    },
    "node_modules/aws-cdk-lib/node_modules/jsonschema": {
      "version": "1.4.1",
      "dev": true,
      "inBundle": true,
      "license": "MIT",
      "engines": {
        "node": "*"
      }
    },
    "node_modules/aws-cdk-lib/node_modules/lru-cache": {
      "version": "6.0.0",
      "dev": true,
      "inBundle": true,
      "license": "ISC",
      "dependencies": {
        "yallist": "^4.0.0"
      },
      "engines": {
        "node": ">=10"
      }
    },
    "node_modules/aws-cdk-lib/node_modules/minimatch": {
      "version": "3.1.2",
      "dev": true,
      "inBundle": true,
      "license": "ISC",
      "dependencies": {
        "brace-expansion": "^1.1.7"
      },
      "engines": {
        "node": "*"
      }
    },
    "node_modules/aws-cdk-lib/node_modules/punycode": {
      "version": "2.3.0",
      "dev": true,
      "inBundle": true,
      "license": "MIT",
      "engines": {
        "node": ">=6"
      }
    },
    "node_modules/aws-cdk-lib/node_modules/semver": {
      "version": "7.3.8",
      "dev": true,
      "inBundle": true,
      "license": "ISC",
      "dependencies": {
        "lru-cache": "^6.0.0"
      },
      "bin": {
        "semver": "bin/semver.js"
      },
      "engines": {
        "node": ">=10"
      }
    },
    "node_modules/aws-cdk-lib/node_modules/universalify": {
      "version": "2.0.0",
      "dev": true,
      "inBundle": true,
      "license": "MIT",
      "engines": {
        "node": ">= 10.0.0"
      }
    },
    "node_modules/aws-cdk-lib/node_modules/yallist": {
      "version": "4.0.0",
      "dev": true,
      "inBundle": true,
      "license": "ISC"
    },
    "node_modules/aws-cdk-lib/node_modules/yaml": {
      "version": "1.10.2",
      "dev": true,
      "inBundle": true,
      "license": "ISC",
      "engines": {
        "node": ">= 6"
      }
    },
    "node_modules/constructs": {
      "version": "10.1.263",
      "resolved": "https://registry.npmjs.org/constructs/-/constructs-10.1.263.tgz",
      "integrity": "sha512-lJq4n2iukIQE/XtSfMMwnOE33n67kSzNi6rF3C83RrHYtrQYRswOcAv3XJciCQoznxn99pKmgsxAQBYJlYcwFg==",
      "dev": true,
      "engines": {
        "node": ">= 14.17.0"
      }
    },
    "node_modules/typescript": {
      "version": "3.9.10",
      "resolved": "https://registry.npmjs.org/typescript/-/typescript-3.9.10.tgz",
      "integrity": "sha512-w6fIxVE/H1PkLKcCPsFqKE7Kv7QUwhU8qQY2MueZXWx5cPZdwFupLgKK3vntcK98BtNHZtAF4LA/yl2a7k8R6Q==",
      "dev": true,
      "bin": {
        "tsc": "bin/tsc",
        "tsserver": "bin/tsserver"
      },
      "engines": {
        "node": ">=4.2.0"
      }
    }
  }
}
